
Microsoft Visual Studio Solution File, Format Version 12.00
# Visual Studio Version 16
VisualStudioVersion = 16.0.30907.101
MinimumVisualStudioVersion = 10.0.40219.1
Project("{FAE04EC0-301F-11D3-BF4B-00C04F79EFBC}") = "IntegracjaSystemowProjekt-Client", "IntegracjaSystemowProjekt-Client\IntegracjaSystemowProjekt-Client.csproj", "{27A8038A-A4BD-4B72-B5D2-47328AC4893A}"
EndProject
Global
	GlobalSection(SolutionConfigurationPlatforms) = preSolution
		Debug|Any CPU = Debug|Any CPU
		Release|Any CPU = Release|Any CPU
	EndGlobalSection
	GlobalSection(ProjectConfigurationPlatforms) = postSolution
		{27A8038A-A4BD-4B72-B5D2-47328AC4893A}.Debug|Any CPU.ActiveCfg = Debug|Any CPU
		{27A8038A-A4BD-4B72-B5D2-47328AC4893A}.Debug|Any CPU.Build.0 = Debug|Any CPU
		{27A8038A-A4BD-4B72-B5D2-47328AC4893A}.Release|Any CPU.ActiveCfg = Release|Any CPU
		{27A8038A-A4BD-4B72-B5D2-47328AC4893A}.Release|Any CPU.Build.0 = Release|Any CPU
	EndGlobalSection
	GlobalSection(SolutionProperties) = preSolution
		HideSolutionNode = FALSE
	EndGlobalSection
	GlobalSection(ExtensibilityGlobals) = postSolution
		SolutionGuid = {AD12040B-6320-4645-8A47-0BFC41161329}
	EndGlobalSection
EndGlobal
